{
  "originHash" : "c2d733f127c4c36623b40be84eab5ada572f3eba7ba41d5be5c2e2de7111c30a",
  "pins" : [
    {
      "identity" : "nuke",
      "kind" : "remoteSourceControl",
      "location" : "https://github.com/kean/Nuke",
      "state" : {
        "revision" : "4625c73ea00a9fb4b4f3e28d95d0021a44af7e59",
        "version" : "12.5.0"
      }
    }
  ],
  "version" : 3
}
